{
  "name": "fl5-finder-next",
  "version": "0.1.0",
  "lockfileVersion": 2,
  "requires": true,
  "packages": {
    "": {
      "name": "fl5-finder-next",
      "version": "0.1.0",
      "dependencies": {
        "next": "13.0.1",
        "react": "18.2.0",
        "react-dom": "18.2.0"
      }
    },
    "node_modules/@next/env": {
      "version": "13.0.1",
      "resolved": "https://artifactory.moveaws.com/artifactory/api/npm/Move-npm/@next/env/-/env-13.0.1.tgz",
      "integrity": "sha1-A2HiA8e/vHtpZ57Ej3tFqPTLHCw=",
      "license": "MIT"
    },
    "node_modules/@next/swc-android-arm-eabi": {
      "version": "13.0.1",
      "resolved": "https://artifactory.moveaws.com/artifactory/api/npm/Move-npm/@next/swc-android-arm-eabi/-/swc-android-arm-eabi-13.0.1.tgz",
      "integrity": "sha1-fOKntldoRbxtf1VQS/m4Kg2aJ5I=",
      "cpu": [
        "arm"
      ],
      "license": "MIT",
      "optional": true,
      "os": [
        "android"
      ],
      "engines": {
        "node": ">= 10"
      }
    },
    "node_modules/@next/swc-android-arm64": {
      "version": "13.0.1",
      "resolved": "https://artifactory.moveaws.com/artifactory/api/npm/Move-npm/@next/swc-android-arm64/-/swc-android-arm64-13.0.1.tgz",
      "integrity": "sha1-haE9dmcEI5STl0G+IYB25Og6RaI=",
      "cpu": [
        "arm64"
      ],
      "license": "MIT",
      "optional": true,
      "os": [
        "android"
      ],
      "engines": {
        "node": ">= 10"
      }
    },
    "node_modules/@next/swc-darwin-arm64": {
      "version": "13.0.1",
      "resolved": "https://artifactory.moveaws.com/artifactory/api/npm/Move-npm/@next/swc-darwin-arm64/-/swc-darwin-arm64-13.0.1.tgz",
      "integrity": "sha1-1hXShhJ7sJaolQqdcYD8xdMHYU0=",
      "cpu": [
        "arm64"
      ],
      "license": "MIT",
      "optional": true,
      "os": [
        "darwin"
      ],
      "engines": {
        "node": ">= 10"
      }
    },
    "node_modules/@next/swc-darwin-x64": {
      "version": "13.0.1",
      "resolved": "https://artifactory.moveaws.com/artifactory/api/npm/Move-npm/@next/swc-darwin-x64/-/swc-darwin-x64-13.0.1.tgz",
      "integrity": "sha1-9BC+uMvg6CViImMJ+OyJJMxstBA=",
      "cpu": [
        "x64"
      ],
      "license": "MIT",
      "optional": true,
      "os": [
        "darwin"
      ],
      "engines": {
        "node": ">= 10"
      }
    },
    "node_modules/@next/swc-freebsd-x64": {
      "version": "13.0.1",
      "resolved": "https://artifactory.moveaws.com/artifactory/api/npm/Move-npm/@next/swc-freebsd-x64/-/swc-freebsd-x64-13.0.1.tgz",
      "integrity": "sha1-FuuWUtP2ODBcoWtVhAj1vF627d4=",
      "cpu": [
        "x64"
      ],
      "license": "MIT",
      "optional": true,
      "os": [
        "freebsd"
      ],
      "engines": {
        "node": ">= 10"
      }
    },
    "node_modules/@next/swc-linux-arm-gnueabihf": {
      "version": "13.0.1",
      "resolved": "https://artifactory.moveaws.com/artifactory/api/npm/Move-npm/@next/swc-linux-arm-gnueabihf/-/swc-linux-arm-gnueabihf-13.0.1.tgz",
      "integrity": "sha1-DaBwDM9lT4E7TIbQV6mYWYov1Cc=",
      "cpu": [
        "arm"
      ],
      "license": "MIT",
      "optional": true,
      "os": [
        "linux"
      ],
      "engines": {
        "node": ">= 10"
      }
    },
    "node_modules/@next/swc-linux-arm64-gnu": {
      "version": "13.0.1",
      "resolved": "https://artifactory.moveaws.com/artifactory/api/npm/Move-npm/@next/swc-linux-arm64-gnu/-/swc-linux-arm64-gnu-13.0.1.tgz",
      "integrity": "sha1-80dZzUEIb1uLWCCBsq9U9n3FRK4=",
      "cpu": [
        "arm64"
      ],
      "license": "MIT",
      "optional": true,
      "os": [
        "linux"
      ],
      "engines": {
        "node": ">= 10"
      }
    },
    "node_modules/@next/swc-linux-arm64-musl": {
      "version": "13.0.1",
      "resolved": "https://artifactory.moveaws.com/artifactory/api/npm/Move-npm/@next/swc-linux-arm64-musl/-/swc-linux-arm64-musl-13.0.1.tgz",
      "integrity": "sha1-vPvxzfufTWMufr1n/WK3aM3QjLc=",
      "cpu": [
        "arm64"
      ],
      "license": "MIT",
      "optional": true,
      "os": [
        "linux"
      ],
      "engines": {
        "node": ">= 10"
      }
    },
    "node_modules/@next/swc-linux-x64-gnu": {
      "version": "13.0.1",
      "resolved": "https://artifactory.moveaws.com/artifactory/api/npm/Move-npm/@next/swc-linux-x64-gnu/-/swc-linux-x64-gnu-13.0.1.tgz",
      "integrity": "sha1-7XdSjUoxldXlfV2U0SyyIGwrGaw=",
      "cpu": [
        "x64"
      ],
      "license": "MIT",
      "optional": true,
      "os": [
        "linux"
      ],
      "engines": {
        "node": ">= 10"
      }
    },
    "node_modules/@next/swc-linux-x64-musl": {
      "version": "13.0.1",
      "resolved": "https://artifactory.moveaws.com/artifactory/api/npm/Move-npm/@next/swc-linux-x64-musl/-/swc-linux-x64-musl-13.0.1.tgz",
      "integrity": "sha1-dM2kkinSp/pCH+5rfc1iGleTSl4=",
      "cpu": [
        "x64"
      ],
      "license": "MIT",
      "optional": true,
      "os": [
        "linux"
      ],
      "engines": {
        "node": ">= 10"
      }
    },
    "node_modules/@next/swc-win32-arm64-msvc": {
      "version": "13.0.1",
      "resolved": "https://artifactory.moveaws.com/artifactory/api/npm/Move-npm/@next/swc-win32-arm64-msvc/-/swc-win32-arm64-msvc-13.0.1.tgz",
      "integrity": "sha1-Fdat2SqolxSNbEV0m/nS6s7ocZc=",
      "cpu": [
        "arm64"
      ],
      "license": "MIT",
      "optional": true,
      "os": [
        "win32"
      ],
      "engines": {
        "node": ">= 10"
      }
    },
    "node_modules/@next/swc-win32-ia32-msvc": {
      "version": "13.0.1",
      "resolved": "https://artifactory.moveaws.com/artifactory/api/npm/Move-npm/@next/swc-win32-ia32-msvc/-/swc-win32-ia32-msvc-13.0.1.tgz",
      "integrity": "sha1-4MV5Av51Mn0JKrse8ZZXd1/ib4U=",
      "cpu": [
        "ia32"
      ],
      "license": "MIT",
      "optional": true,
      "os": [
        "win32"
      ],
      "engines": {
        "node": ">= 10"
      }
    },
    "node_modules/@next/swc-win32-x64-msvc": {
      "version": "13.0.1",
      "resolved": "https://artifactory.moveaws.com/artifactory/api/npm/Move-npm/@next/swc-win32-x64-msvc/-/swc-win32-x64-msvc-13.0.1.tgz",
      "integrity": "sha1-Rp3eYVGfajEIdK+T7llp8dX/bQM=",
      "cpu": [
        "x64"
      ],
      "license": "MIT",
      "optional": true,
      "os": [
        "win32"
      ],
      "engines": {
        "node": ">= 10"
      }
    },
    "node_modules/@swc/helpers": {
      "version": "0.4.11",
      "resolved": "https://artifactory.moveaws.com/artifactory/api/npm/Move-npm/@swc/helpers/-/helpers-0.4.11.tgz",
      "integrity": "sha1-2yOjdnYbPTHCZQISLzSaIbWSyN4=",
      "license": "MIT",
      "dependencies": {
        "tslib": "^2.4.0"
      }
    },
    "node_modules/caniuse-lite": {
      "version": "1.0.30001429",
      "resolved": "https://artifactory.moveaws.com/artifactory/api/npm/Move-npm/caniuse-lite/-/caniuse-lite-1.0.30001429.tgz",
      "integrity": "sha1-cM2ulZCWdWqFcTs23Zy4LmIyVjk=",
      "funding": [
        {
          "type": "opencollective",
          "url": "https://opencollective.com/browserslist"
        },
        {
          "type": "tidelift",
          "url": "https://tidelift.com/funding/github/npm/caniuse-lite"
        }
      ],
      "license": "CC-BY-4.0"
    },
    "node_modules/client-only": {
      "version": "0.0.1",
      "resolved": "https://artifactory.moveaws.com/artifactory/api/npm/Move-npm/client-only/-/client-only-0.0.1.tgz",
      "integrity": "sha1-OLul1APEGrFQv/ZKlchQE89zvKE=",
      "license": "MIT"
    },
    "node_modules/js-tokens": {
      "version": "4.0.0",
      "resolved": "https://artifactory.moveaws.com/artifactory/api/npm/Move-npm/js-tokens/-/js-tokens-4.0.0.tgz",
      "integrity": "sha1-GSA/tZmR35jjoocFDUZHzerzJJk=",
      "license": "MIT"
    },
    "node_modules/loose-envify": {
      "version": "1.4.0",
      "resolved": "https://artifactory.moveaws.com/artifactory/api/npm/Move-npm/loose-envify/-/loose-envify-1.4.0.tgz",
      "integrity": "sha1-ce5R+nvkyuwaY4OffmgtgTLTDK8=",
      "license": "MIT",
      "dependencies": {
        "js-tokens": "^3.0.0 || ^4.0.0"
      },
      "bin": {
        "loose-envify": "cli.js"
      }
    },
    "node_modules/nanoid": {
      "version": "3.3.4",
      "resolved": "https://artifactory.moveaws.com/artifactory/api/npm/Move-npm/nanoid/-/nanoid-3.3.4.tgz",
      "integrity": "sha1-cwtn480J4t6s8DwCfIHJ2dvF6Ks=",
      "license": "MIT",
      "bin": {
        "nanoid": "bin/nanoid.cjs"
      },
      "engines": {
        "node": "^10 || ^12 || ^13.7 || ^14 || >=15.0.1"
      }
    },
    "node_modules/next": {
      "version": "13.0.1",
      "resolved": "https://artifactory.moveaws.com/artifactory/api/npm/Move-npm/next/-/next-13.0.1.tgz",
      "integrity": "sha1-i0/JmY5Y9QO97LkvBv5vhQrCYNA=",
      "license": "MIT",
      "dependencies": {
        "@next/env": "13.0.1",
        "@swc/helpers": "0.4.11",
        "caniuse-lite": "^1.0.30001406",
        "postcss": "8.4.14",
        "styled-jsx": "5.1.0",
        "use-sync-external-store": "1.2.0"
      },
      "bin": {
        "next": "dist/bin/next"
      },
      "engines": {
        "node": ">=14.6.0"
      },
      "optionalDependencies": {
        "@next/swc-android-arm-eabi": "13.0.1",
        "@next/swc-android-arm64": "13.0.1",
        "@next/swc-darwin-arm64": "13.0.1",
        "@next/swc-darwin-x64": "13.0.1",
        "@next/swc-freebsd-x64": "13.0.1",
        "@next/swc-linux-arm-gnueabihf": "13.0.1",
        "@next/swc-linux-arm64-gnu": "13.0.1",
        "@next/swc-linux-arm64-musl": "13.0.1",
        "@next/swc-linux-x64-gnu": "13.0.1",
        "@next/swc-linux-x64-musl": "13.0.1",
        "@next/swc-win32-arm64-msvc": "13.0.1",
        "@next/swc-win32-ia32-msvc": "13.0.1",
        "@next/swc-win32-x64-msvc": "13.0.1"
      },
      "peerDependencies": {
        "fibers": ">= 3.1.0",
        "node-sass": "^6.0.0 || ^7.0.0",
        "react": "^18.2.0",
        "react-dom": "^18.2.0",
        "sass": "^1.3.0"
      },
      "peerDependenciesMeta": {
        "fibers": {
          "optional": true
        },
        "node-sass": {
          "optional": true
        },
        "sass": {
          "optional": true
        }
      }
    },
    "node_modules/picocolors": {
      "version": "1.0.0",
      "resolved": "https://artifactory.moveaws.com/artifactory/api/npm/Move-npm/picocolors/-/picocolors-1.0.0.tgz",
      "integrity": "sha1-y1vcdP8/UYkiNur3nWi8RFZKuBw=",
      "license": "ISC"
    },
    "node_modules/postcss": {
      "version": "8.4.14",
      "resolved": "https://artifactory.moveaws.com/artifactory/api/npm/Move-npm/postcss/-/postcss-8.4.14.tgz",
      "integrity": "sha1-7pJ01WIrSFjBAHp0125C5W/SHK8=",
      "funding": [
        {
          "type": "opencollective",
          "url": "https://opencollective.com/postcss/"
        },
        {
          "type": "tidelift",
          "url": "https://tidelift.com/funding/github/npm/postcss"
        }
      ],
      "license": "MIT",
      "dependencies": {
        "nanoid": "^3.3.4",
        "picocolors": "^1.0.0",
        "source-map-js": "^1.0.2"
      },
      "engines": {
        "node": "^10 || ^12 || >=14"
      }
    },
    "node_modules/react": {
      "version": "18.2.0",
      "resolved": "https://artifactory.moveaws.com/artifactory/api/npm/Move-npm/react/-/react-18.2.0.tgz",
      "integrity": "sha1-VVvZhZKIMlX6AN4U8RUakXtdd9U=",
      "license": "MIT",
      "dependencies": {
        "loose-envify": "^1.1.0"
      },
      "engines": {
        "node": ">=0.10.0"
      }
    },
    "node_modules/react-dom": {
      "version": "18.2.0",
      "resolved": "https://artifactory.moveaws.com/artifactory/api/npm/Move-npm/react-dom/-/react-dom-18.2.0.tgz",
      "integrity": "sha1-IqrzhwjbJnTtmtoiTKSqcI2CHj0=",
      "license": "MIT",
      "dependencies": {
        "loose-envify": "^1.1.0",
        "scheduler": "^0.23.0"
      },
      "peerDependencies": {
        "react": "^18.2.0"
      }
    },
    "node_modules/scheduler": {
      "version": "0.23.0",
      "resolved": "https://artifactory.moveaws.com/artifactory/api/npm/Move-npm/scheduler/-/scheduler-0.23.0.tgz",
      "integrity": "sha1-uoBBr8PTDrIGpIe2s4QALk5h/f4=",
      "license": "MIT",
      "dependencies": {
        "loose-envify": "^1.1.0"
      }
    },
    "node_modules/source-map-js": {
      "version": "1.0.2",
      "resolved": "https://artifactory.moveaws.com/artifactory/api/npm/Move-npm/source-map-js/-/source-map-js-1.0.2.tgz",
      "integrity": "sha1-rbw2HZxi3zgBJefxYfccgm8eSQw=",
      "license": "BSD-3-Clause",
      "engines": {
        "node": ">=0.10.0"
      }
    },
    "node_modules/styled-jsx": {
      "version": "5.1.0",
      "resolved": "https://artifactory.moveaws.com/artifactory/api/npm/Move-npm/styled-jsx/-/styled-jsx-5.1.0.tgz",
      "integrity": "sha1-SlYiq5cUvT/PruwpKqVVhx8FdWM=",
      "license": "MIT",
      "dependencies": {
        "client-only": "0.0.1"
      },
      "engines": {
        "node": ">= 12.0.0"
      },
      "peerDependencies": {
        "react": ">= 16.8.0 || 17.x.x || ^18.0.0-0"
      },
      "peerDependenciesMeta": {
        "@babel/core": {
          "optional": true
        },
        "babel-plugin-macros": {
          "optional": true
        }
      }
    },
    "node_modules/tslib": {
      "version": "2.4.1",
      "resolved": "https://artifactory.moveaws.com/artifactory/api/npm/Move-npm/tslib/-/tslib-2.4.1.tgz",
      "integrity": "sha1-DQv7qsKIC5HiLfB2jlW+l1OlsX4=",
      "license": "0BSD"
    },
    "node_modules/use-sync-external-store": {
      "version": "1.2.0",
      "resolved": "https://artifactory.moveaws.com/artifactory/api/npm/Move-npm/use-sync-external-store/-/use-sync-external-store-1.2.0.tgz",
      "integrity": "sha1-fb79bvP+TnZ6DPXXKHqs+1hGkoo=",
      "license": "MIT",
      "peerDependencies": {
        "react": "^16.8.0 || ^17.0.0 || ^18.0.0"
      }
    }
  },
  "dependencies": {
    "@next/env": {
      "version": "13.0.1",
      "resolved": "https://artifactory.moveaws.com/artifactory/api/npm/Move-npm/@next/env/-/env-13.0.1.tgz",
      "integrity": "sha1-A2HiA8e/vHtpZ57Ej3tFqPTLHCw="
    },
    "@next/swc-android-arm-eabi": {
      "version": "13.0.1",
      "resolved": "https://artifactory.moveaws.com/artifactory/api/npm/Move-npm/@next/swc-android-arm-eabi/-/swc-android-arm-eabi-13.0.1.tgz",
      "integrity": "sha1-fOKntldoRbxtf1VQS/m4Kg2aJ5I=",
      "optional": true
    },
    "@next/swc-android-arm64": {
      "version": "13.0.1",
      "resolved": "https://artifactory.moveaws.com/artifactory/api/npm/Move-npm/@next/swc-android-arm64/-/swc-android-arm64-13.0.1.tgz",
      "integrity": "sha1-haE9dmcEI5STl0G+IYB25Og6RaI=",
      "optional": true
    },
    "@next/swc-darwin-arm64": {
      "version": "13.0.1",
      "resolved": "https://artifactory.moveaws.com/artifactory/api/npm/Move-npm/@next/swc-darwin-arm64/-/swc-darwin-arm64-13.0.1.tgz",
      "integrity": "sha1-1hXShhJ7sJaolQqdcYD8xdMHYU0=",
      "optional": true
    },
    "@next/swc-darwin-x64": {
      "version": "13.0.1",
      "resolved": "https://artifactory.moveaws.com/artifactory/api/npm/Move-npm/@next/swc-darwin-x64/-/swc-darwin-x64-13.0.1.tgz",
      "integrity": "sha1-9BC+uMvg6CViImMJ+OyJJMxstBA=",
      "optional": true
    },
    "@next/swc-freebsd-x64": {
      "version": "13.0.1",
      "resolved": "https://artifactory.moveaws.com/artifactory/api/npm/Move-npm/@next/swc-freebsd-x64/-/swc-freebsd-x64-13.0.1.tgz",
      "integrity": "sha1-FuuWUtP2ODBcoWtVhAj1vF627d4=",
      "optional": true
    },
    "@next/swc-linux-arm-gnueabihf": {
      "version": "13.0.1",
      "resolved": "https://artifactory.moveaws.com/artifactory/api/npm/Move-npm/@next/swc-linux-arm-gnueabihf/-/swc-linux-arm-gnueabihf-13.0.1.tgz",
      "integrity": "sha1-DaBwDM9lT4E7TIbQV6mYWYov1Cc=",
      "optional": true
    },
    "@next/swc-linux-arm64-gnu": {
      "version": "13.0.1",
      "resolved": "https://artifactory.moveaws.com/artifactory/api/npm/Move-npm/@next/swc-linux-arm64-gnu/-/swc-linux-arm64-gnu-13.0.1.tgz",
      "integrity": "sha1-80dZzUEIb1uLWCCBsq9U9n3FRK4=",
      "optional": true
    },
    "@next/swc-linux-arm64-musl": {
      "version": "13.0.1",
      "resolved": "https://artifactory.moveaws.com/artifactory/api/npm/Move-npm/@next/swc-linux-arm64-musl/-/swc-linux-arm64-musl-13.0.1.tgz",
      "integrity": "sha1-vPvxzfufTWMufr1n/WK3aM3QjLc=",
      "optional": true
    },
    "@next/swc-linux-x64-gnu": {
      "version": "13.0.1",
      "resolved": "https://artifactory.moveaws.com/artifactory/api/npm/Move-npm/@next/swc-linux-x64-gnu/-/swc-linux-x64-gnu-13.0.1.tgz",
      "integrity": "sha1-7XdSjUoxldXlfV2U0SyyIGwrGaw=",
      "optional": true
    },
    "@next/swc-linux-x64-musl": {
      "version": "13.0.1",
      "resolved": "https://artifactory.moveaws.com/artifactory/api/npm/Move-npm/@next/swc-linux-x64-musl/-/swc-linux-x64-musl-13.0.1.tgz",
      "integrity": "sha1-dM2kkinSp/pCH+5rfc1iGleTSl4=",
      "optional": true
    },
    "@next/swc-win32-arm64-msvc": {
      "version": "13.0.1",
      "resolved": "https://artifactory.moveaws.com/artifactory/api/npm/Move-npm/@next/swc-win32-arm64-msvc/-/swc-win32-arm64-msvc-13.0.1.tgz",
      "integrity": "sha1-Fdat2SqolxSNbEV0m/nS6s7ocZc=",
      "optional": true
    },
    "@next/swc-win32-ia32-msvc": {
      "version": "13.0.1",
      "resolved": "https://artifactory.moveaws.com/artifactory/api/npm/Move-npm/@next/swc-win32-ia32-msvc/-/swc-win32-ia32-msvc-13.0.1.tgz",
      "integrity": "sha1-4MV5Av51Mn0JKrse8ZZXd1/ib4U=",
      "optional": true
    },
    "@next/swc-win32-x64-msvc": {
      "version": "13.0.1",
      "resolved": "https://artifactory.moveaws.com/artifactory/api/npm/Move-npm/@next/swc-win32-x64-msvc/-/swc-win32-x64-msvc-13.0.1.tgz",
      "integrity": "sha1-Rp3eYVGfajEIdK+T7llp8dX/bQM=",
      "optional": true
    },
    "@swc/helpers": {
      "version": "0.4.11",
      "resolved": "https://artifactory.moveaws.com/artifactory/api/npm/Move-npm/@swc/helpers/-/helpers-0.4.11.tgz",
      "integrity": "sha1-2yOjdnYbPTHCZQISLzSaIbWSyN4=",
      "requires": {
        "tslib": "^2.4.0"
      }
    },
    "caniuse-lite": {
      "version": "1.0.30001429",
      "resolved": "https://artifactory.moveaws.com/artifactory/api/npm/Move-npm/caniuse-lite/-/caniuse-lite-1.0.30001429.tgz",
      "integrity": "sha1-cM2ulZCWdWqFcTs23Zy4LmIyVjk="
    },
    "client-only": {
      "version": "0.0.1",
      "resolved": "https://artifactory.moveaws.com/artifactory/api/npm/Move-npm/client-only/-/client-only-0.0.1.tgz",
      "integrity": "sha1-OLul1APEGrFQv/ZKlchQE89zvKE="
    },
    "js-tokens": {
      "version": "4.0.0",
      "resolved": "https://artifactory.moveaws.com/artifactory/api/npm/Move-npm/js-tokens/-/js-tokens-4.0.0.tgz",
      "integrity": "sha1-GSA/tZmR35jjoocFDUZHzerzJJk="
    },
    "loose-envify": {
      "version": "1.4.0",
      "resolved": "https://artifactory.moveaws.com/artifactory/api/npm/Move-npm/loose-envify/-/loose-envify-1.4.0.tgz",
      "integrity": "sha1-ce5R+nvkyuwaY4OffmgtgTLTDK8=",
      "requires": {
        "js-tokens": "^3.0.0 || ^4.0.0"
      }
    },
    "nanoid": {
      "version": "3.3.4",
      "resolved": "https://artifactory.moveaws.com/artifactory/api/npm/Move-npm/nanoid/-/nanoid-3.3.4.tgz",
      "integrity": "sha1-cwtn480J4t6s8DwCfIHJ2dvF6Ks="
    },
    "next": {
      "version": "13.0.1",
      "resolved": "https://artifactory.moveaws.com/artifactory/api/npm/Move-npm/next/-/next-13.0.1.tgz",
      "integrity": "sha1-i0/JmY5Y9QO97LkvBv5vhQrCYNA=",
      "requires": {
        "@next/env": "13.0.1",
        "@next/swc-android-arm-eabi": "13.0.1",
        "@next/swc-android-arm64": "13.0.1",
        "@next/swc-darwin-arm64": "13.0.1",
        "@next/swc-darwin-x64": "13.0.1",
        "@next/swc-freebsd-x64": "13.0.1",
        "@next/swc-linux-arm-gnueabihf": "13.0.1",
        "@next/swc-linux-arm64-gnu": "13.0.1",
        "@next/swc-linux-arm64-musl": "13.0.1",
        "@next/swc-linux-x64-gnu": "13.0.1",
        "@next/swc-linux-x64-musl": "13.0.1",
        "@next/swc-win32-arm64-msvc": "13.0.1",
        "@next/swc-win32-ia32-msvc": "13.0.1",
        "@next/swc-win32-x64-msvc": "13.0.1",
        "@swc/helpers": "0.4.11",
        "caniuse-lite": "^1.0.30001406",
        "postcss": "8.4.14",
        "styled-jsx": "5.1.0",
        "use-sync-external-store": "1.2.0"
      }
    },
    "picocolors": {
      "version": "1.0.0",
      "resolved": "https://artifactory.moveaws.com/artifactory/api/npm/Move-npm/picocolors/-/picocolors-1.0.0.tgz",
      "integrity": "sha1-y1vcdP8/UYkiNur3nWi8RFZKuBw="
    },
    "postcss": {
      "version": "8.4.14",
      "resolved": "https://artifactory.moveaws.com/artifactory/api/npm/Move-npm/postcss/-/postcss-8.4.14.tgz",
      "integrity": "sha1-7pJ01WIrSFjBAHp0125C5W/SHK8=",
      "requires": {
        "nanoid": "^3.3.4",
        "picocolors": "^1.0.0",
        "source-map-js": "^1.0.2"
      }
    },
    "react": {
      "version": "18.2.0",
      "resolved": "https://artifactory.moveaws.com/artifactory/api/npm/Move-npm/react/-/react-18.2.0.tgz",
      "integrity": "sha1-VVvZhZKIMlX6AN4U8RUakXtdd9U=",
      "requires": {
        "loose-envify": "^1.1.0"
      }
    },
    "react-dom": {
      "version": "18.2.0",
      "resolved": "https://artifactory.moveaws.com/artifactory/api/npm/Move-npm/react-dom/-/react-dom-18.2.0.tgz",
      "integrity": "sha1-IqrzhwjbJnTtmtoiTKSqcI2CHj0=",
      "requires": {
        "loose-envify": "^1.1.0",
        "scheduler": "^0.23.0"
      }
    },
    "scheduler": {
      "version": "0.23.0",
      "resolved": "https://artifactory.moveaws.com/artifactory/api/npm/Move-npm/scheduler/-/scheduler-0.23.0.tgz",
      "integrity": "sha1-uoBBr8PTDrIGpIe2s4QALk5h/f4=",
      "requires": {
        "loose-envify": "^1.1.0"
      }
    },
    "source-map-js": {
      "version": "1.0.2",
      "resolved": "https://artifactory.moveaws.com/artifactory/api/npm/Move-npm/source-map-js/-/source-map-js-1.0.2.tgz",
      "integrity": "sha1-rbw2HZxi3zgBJefxYfccgm8eSQw="
    },
    "styled-jsx": {
      "version": "5.1.0",
      "resolved": "https://artifactory.moveaws.com/artifactory/api/npm/Move-npm/styled-jsx/-/styled-jsx-5.1.0.tgz",
      "integrity": "sha1-SlYiq5cUvT/PruwpKqVVhx8FdWM=",
      "requires": {
        "client-only": "0.0.1"
      }
    },
    "tslib": {
      "version": "2.4.1",
      "resolved": "https://artifactory.moveaws.com/artifactory/api/npm/Move-npm/tslib/-/tslib-2.4.1.tgz",
      "integrity": "sha1-DQv7qsKIC5HiLfB2jlW+l1OlsX4="
    },
    "use-sync-external-store": {
      "version": "1.2.0",
      "resolved": "https://artifactory.moveaws.com/artifactory/api/npm/Move-npm/use-sync-external-store/-/use-sync-external-store-1.2.0.tgz",
      "integrity": "sha1-fb79bvP+TnZ6DPXXKHqs+1hGkoo=",
      "requires": {}
    }
  }
}
